<?xml version="1.0" encoding="utf-8"?>
<Project ToolsVersion="4.0" xmlns="http://schemas.microsoft.com/developer/msbuild/2003">
  <ItemGroup>
    <Filter Include="Source Files">
      <UniqueIdentifier>{4FC737F1-C7A5-4376-A066-2A32D752A2FF}</UniqueIdentifier>
      <Extensions>cpp;c;cc;cxx;def;odl;idl;hpj;bat;asm;asmx</Extensions>
    </Filter>
    <Filter Include="Header Files">
      <UniqueIdentifier>{93995380-89BD-4b04-88EB-625FBE52EBFB}</UniqueIdentifier>
      <Extensions>h;hpp;hxx;hm;inl;inc;xsd</Extensions>
    </Filter>
    <Filter Include="Resource Files">
      <UniqueIdentifier>{67DA6AB6-F800-4c08-8B7A-83BB121AAD01}</UniqueIdentifier>
      <Extensions>rc;ico;cur;bmp;dlg;rc2;rct;bin;rgs;gif;jpg;jpeg;jpe;resx;tiff;tif;png;wav;mfcribbon-ms</Extensions>
    </Filter>
    <Filter Include="Source Files\Chipmunk">
      <UniqueIdentifier>{cc17529d-cafd-4156-b5da-a94c49723971}</UniqueIdentifier>
    </Filter>
  </ItemGroup>
  <ItemGroup>
    <ClCompile Include="game.c">
      <Filter>Source Files</Filter>
    </ClCompile>
    <ClCompile Include="main.c">
      <Filter>Source Files</Filter>
    </ClCompile>
    <ClCompile Include="entity.c">
      <Filter>Source Files</Filter>
    </ClCompile>
    <ClCompile Include="External_Libs\jsmn.c">
      <Filter>Resource Files</Filter>
    </ClCompile>
    <ClCompile Include="mystrings.c">
      <Filter>Source Files</Filter>
    </ClCompile>
    <ClCompile Include="parseobject.c">
      <Filter>Source Files</Filter>
    </ClCompile>
    <ClCompile Include="mymath.c">
      <Filter>Source Files</Filter>
    </ClCompile>
    <ClCompile Include="graphics.c">
      <Filter>Source Files</Filter>
    </ClCompile>
    <ClCompile Include="parsefunction.c">
      <Filter>Source Files</Filter>
    </ClCompile>
    <ClCompile Include="player.c">
      <Filter>Source Files</Filter>
    </ClCompile>
    <ClCompile Include="parsepowerup.c">
      <Filter>Source Files</Filter>
    </ClCompile>
    <ClCompile Include="parselevel.c">
      <Filter>Source Files</Filter>
    </ClCompile>
    <ClCompile Include="menu.c">
      <Filter>Source Files</Filter>
    </ClCompile>
    <ClCompile Include="ai_interpret.c">
      <Filter>Source Files</Filter>
    </ClCompile>
    <ClCompile Include="dumb_physics.c">
      <Filter>Source Files</Filter>
    </ClCompile>
    <ClCompile Include="parseentity.c">
      <Filter>Source Files</Filter>
    </ClCompile>
    <ClCompile Include="player_controller.c">
      <Filter>Source Files</Filter>
    </ClCompile>
    <ClCompile Include="audio.c">
      <Filter>Source Files</Filter>
    </ClCompile>
    <ClCompile Include="..\..\..\..\..\..\..\Lib\Chipmunk6\src\chipmunk.c">
      <Filter>Source Files\Chipmunk</Filter>
    </ClCompile>
    <ClCompile Include="..\..\..\..\..\..\..\Lib\Chipmunk6\src\cpArbiter.c">
      <Filter>Source Files\Chipmunk</Filter>
    </ClCompile>
    <ClCompile Include="..\..\..\..\..\..\..\Lib\Chipmunk6\src\cpArray.c">
      <Filter>Source Files\Chipmunk</Filter>
    </ClCompile>
    <ClCompile Include="..\..\..\..\..\..\..\Lib\Chipmunk6\src\cpBB.c">
      <Filter>Source Files\Chipmunk</Filter>
    </ClCompile>
    <ClCompile Include="..\..\..\..\..\..\..\Lib\Chipmunk6\src\cpBBTree.c">
      <Filter>Source Files\Chipmunk</Filter>
    </ClCompile>
    <ClCompile Include="..\..\..\..\..\..\..\Lib\Chipmunk6\src\cpBody.c">
      <Filter>Source Files\Chipmunk</Filter>
    </ClCompile>
    <ClCompile Include="..\..\..\..\..\..\..\Lib\Chipmunk6\src\cpCollision.c">
      <Filter>Source Files\Chipmunk</Filter>
    </ClCompile>
    <ClCompile Include="..\..\..\..\..\..\..\Lib\Chipmunk6\src\cpHashSet.c">
      <Filter>Source Files\Chipmunk</Filter>
    </ClCompile>
    <ClCompile Include="..\..\..\..\..\..\..\Lib\Chipmunk6\src\cpPolyShape.c">
      <Filter>Source Files\Chipmunk</Filter>
    </ClCompile>
    <ClCompile Include="..\..\..\..\..\..\..\Lib\Chipmunk6\src\cpShape.c">
      <Filter>Source Files\Chipmunk</Filter>
    </ClCompile>
    <ClCompile Include="..\..\..\..\..\..\..\Lib\Chipmunk6\src\cpSpace.c">
      <Filter>Source Files\Chipmunk</Filter>
    </ClCompile>
    <ClCompile Include="..\..\..\..\..\..\..\Lib\Chipmunk6\src\cpSpaceComponent.c">
      <Filter>Source Files\Chipmunk</Filter>
    </ClCompile>
    <ClCompile Include="..\..\..\..\..\..\..\Lib\Chipmunk6\src\cpSpaceHash.c">
      <Filter>Source Files\Chipmunk</Filter>
    </ClCompile>
    <ClCompile Include="..\..\..\..\..\..\..\Lib\Chipmunk6\src\cpSpaceQuery.c">
      <Filter>Source Files\Chipmunk</Filter>
    </ClCompile>
    <ClCompile Include="..\..\..\..\..\..\..\Lib\Chipmunk6\src\cpSpaceStep.c">
      <Filter>Source Files\Chipmunk</Filter>
    </ClCompile>
    <ClCompile Include="..\..\..\..\..\..\..\Lib\Chipmunk6\src\cpSpatialIndex.c">
      <Filter>Source Files\Chipmunk</Filter>
    </ClCompile>
    <ClCompile Include="..\..\..\..\..\..\..\Lib\Chipmunk6\src\cpSweep1D.c">
      <Filter>Source Files\Chipmunk</Filter>
    </ClCompile>
    <ClCompile Include="..\..\..\..\..\..\..\Lib\Chipmunk6\src\cpVect.c">
      <Filter>Source Files\Chipmunk</Filter>
    </ClCompile>
  </ItemGroup>
  <ItemGroup>
    <ClInclude Include="main.h">
      <Filter>Header Files</Filter>
    </ClInclude>
    <ClInclude Include="entity.h">
      <Filter>Header Files</Filter>
    </ClInclude>
    <ClInclude Include="game.h">
      <Filter>Header Files</Filter>
    </ClInclude>
    <ClInclude Include="globals.h">
      <Filter>Header Files</Filter>
    </ClInclude>
    <ClInclude Include="menu.h">
      <Filter>Header Files</Filter>
    </ClInclude>
    <ClInclude Include="mystrings.h">
      <Filter>Header Files</Filter>
    </ClInclude>
    <ClInclude Include="parseobject.h">
      <Filter>Header Files</Filter>
    </ClInclude>
    <ClInclude Include="graphics.h">
      <Filter>Header Files</Filter>
    </ClInclude>
    <ClInclude Include="parsefunction.h">
      <Filter>Header Files</Filter>
    </ClInclude>
    <ClInclude Include="player.h">
      <Filter>Header Files</Filter>
    </ClInclude>
    <ClInclude Include="parsepowerup.h">
      <Filter>Header Files</Filter>
    </ClInclude>
    <ClInclude Include="parselevel.h">
      <Filter>Header Files</Filter>
    </ClInclude>
    <ClInclude Include="ai_interpret.h">
      <Filter>Header Files</Filter>
    </ClInclude>
    <ClInclude Include="dumb_physics.h">
      <Filter>Header Files</Filter>
    </ClInclude>
    <ClInclude Include="audio.h">
      <Filter>Header Files</Filter>
    </ClInclude>
    <ClInclude Include="parseentity.h">
      <Filter>Header Files</Filter>
    </ClInclude>
    <ClInclude Include="player_controller.h">
      <Filter>Header Files</Filter>
    </ClInclude>
    <ClInclude Include="..\..\..\..\..\..\..\Lib\Chipmunk6\src\prime.h">
      <Filter>Source Files\Chipmunk</Filter>
    </ClInclude>
  </ItemGroup>
  <ItemGroup>
    <None Include="..\..\..\..\..\..\..\Lib\Chipmunk6\src\CMakeLists.txt">
      <Filter>Source Files\Chipmunk</Filter>
    </None>
  </ItemGroup>
</Project>